// !$*UTF8*$!
{
	archiveVersion = 1;
	classes = {
	};
	objectVersion = 50;
	objects = {

/* Begin PBXBuildFile section */
		97F05B3B2741257A00DC29FF /* RemoriseApp.swift in Sources */ = {isa = PBXBuildFile; fileRef = 97F05B3A2741257A00DC29FF /* RemoriseApp.swift */; };
		97F05B3D2741257A00DC29FF /* ContentView.swift in Sources */ = {isa = PBXBuildFile; fileRef = 97F05B3C2741257A00DC29FF /* ContentView.swift */; };
		97F05B3F2741258800DC29FF /* Assets.xcassets in Resources */ = {isa = PBXBuildFile; fileRef = 97F05B3E2741258800DC29FF /* Assets.xcassets */; };
		97F05B422741258800DC29FF /* Preview Assets.xcassets in Resources */ = {isa = PBXBuildFile; fileRef = 97F05B412741258800DC29FF /* Preview Assets.xcassets */; };
		97F05B4D2741258800DC29FF /* RemoriseTests.swift in Sources */ = {isa = PBXBuildFile; fileRef = 97F05B4C2741258800DC29FF /* RemoriseTests.swift */; };
		97F05B582741258800DC29FF /* RemoriseUITests.swift in Sources */ = {isa = PBXBuildFile; fileRef = 97F05B572741258800DC29FF /* RemoriseUITests.swift */; };
		97F4AEE72744F797000D4EC1 /* CreateFlashcardScreen.swift in Sources */ = {isa = PBXBuildFile; fileRef = 97F4AEE62744F797000D4EC1 /* CreateFlashcardScreen.swift */; };
		E7A7E9652745DC9B00CBFB4F /* CreateFlashcardSheet.swift in Sources */ = {isa = PBXBuildFile; fileRef = E7A7E9642745DC9B00CBFB4F /* CreateFlashcardSheet.swift */; };
/* End PBXBuildFile section */

/* Begin PBXContainerItemProxy section */
		97F05B492741258800DC29FF /* PBXContainerItemProxy */ = {
			isa = PBXContainerItemProxy;
			containerPortal = 97F05B2F2741257A00DC29FF /* Project object */;
			proxyType = 1;
			remoteGlobalIDString = 97F05B362741257A00DC29FF;
			remoteInfo = Remorise;
		};
		97F05B542741258800DC29FF /* PBXContainerItemProxy */ = {
			isa = PBXContainerItemProxy;
			containerPortal = 97F05B2F2741257A00DC29FF /* Project object */;
			proxyType = 1;
			remoteGlobalIDString = 97F05B362741257A00DC29FF;
			remoteInfo = Remorise;
		};
/* End PBXContainerItemProxy section */

/* Begin PBXFileReference section */
		97F05B372741257A00DC29FF /* Remorise.app */ = {isa = PBXFileReference; explicitFileType = wrapper.application; includeInIndex = 0; path = Remorise.app; sourceTree = BUILT_PRODUCTS_DIR; };
		97F05B3A2741257A00DC29FF /* RemoriseApp.swift */ = {isa = PBXFileReference; lastKnownFileType = sourcecode.swift; path = RemoriseApp.swift; sourceTree = "<group>"; };
		97F05B3C2741257A00DC29FF /* ContentView.swift */ = {isa = PBXFileReference; lastKnownFileType = sourcecode.swift; path = ContentView.swift; sourceTree = "<group>"; };
		97F05B3E2741258800DC29FF /* Assets.xcassets */ = {isa = PBXFileReference; lastKnownFileType = folder.assetcatalog; path = Assets.xcassets; sourceTree = "<group>"; };
		97F05B412741258800DC29FF /* Preview Assets.xcassets */ = {isa = PBXFileReference; lastKnownFileType = folder.assetcatalog; path = "Preview Assets.xcassets"; sourceTree = "<group>"; };
		97F05B432741258800DC29FF /* Info.plist */ = {isa = PBXFileReference; lastKnownFileType = text.plist.xml; path = Info.plist; sourceTree = "<group>"; };
		97F05B482741258800DC29FF /* RemoriseTests.xctest */ = {isa = PBXFileReference; explicitFileType = wrapper.cfbundle; includeInIndex = 0; path = RemoriseTests.xctest; sourceTree = BUILT_PRODUCTS_DIR; };
		97F05B4C2741258800DC29FF /* RemoriseTests.swift */ = {isa = PBXFileReference; lastKnownFileType = sourcecode.swift; path = RemoriseTests.swift; sourceTree = "<group>"; };
		97F05B4E2741258800DC29FF /* Info.plist */ = {isa = PBXFileReference; lastKnownFileType = text.plist.xml; path = Info.plist; sourceTree = "<group>"; };
		97F05B532741258800DC29FF /* RemoriseUITests.xctest */ = {isa = PBXFileReference; explicitFileType = wrapper.cfbundle; includeInIndex = 0; path = RemoriseUITests.xctest; sourceTree = BUILT_PRODUCTS_DIR; };
		97F05B572741258800DC29FF /* RemoriseUITests.swift */ = {isa = PBXFileReference; lastKnownFileType = sourcecode.swift; path = RemoriseUITests.swift; sourceTree = "<group>"; };
		97F05B592741258800DC29FF /* Info.plist */ = {isa = PBXFileReference; lastKnownFileType = text.plist.xml; path = Info.plist; sourceTree = "<group>"; };
		97F4AEE62744F797000D4EC1 /* CreateFlashcardScreen.swift */ = {isa = PBXFileReference; lastKnownFileType = sourcecode.swift; path = CreateFlashcardScreen.swift; sourceTree = "<group>"; };
		E7A7E9642745DC9B00CBFB4F /* CreateFlashcardSheet.swift */ = {isa = PBXFileReference; lastKnownFileType = sourcecode.swift; path = CreateFlashcardSheet.swift; sourceTree = "<group>"; };
/* End PBXFileReference section */

/* Begin PBXFrameworksBuildPhase section */
		97F05B342741257A00DC29FF /* Frameworks */ = {
			isa = PBXFrameworksBuildPhase;
			buildActionMask = 2147483647;
			files = (
			);
			runOnlyForDeploymentPostprocessing = 0;
		};
		97F05B452741258800DC29FF /* Frameworks */ = {
			isa = PBXFrameworksBuildPhase;
			buildActionMask = 2147483647;
			files = (
			);
			runOnlyForDeploymentPostprocessing = 0;
		};
		97F05B502741258800DC29FF /* Frameworks */ = {
			isa = PBXFrameworksBuildPhase;
			buildActionMask = 2147483647;
			files = (
			);
			runOnlyForDeploymentPostprocessing = 0;
		};
/* End PBXFrameworksBuildPhase section */

/* Begin PBXGroup section */
		97F05B2E2741257A00DC29FF = {
			isa = PBXGroup;
			children = (
				97F05B392741257A00DC29FF /* Remorise */,
				97F05B4B2741258800DC29FF /* RemoriseTests */,
				97F05B562741258800DC29FF /* RemoriseUITests */,
				97F05B382741257A00DC29FF /* Products */,
			);
			sourceTree = "<group>";
		};
		97F05B382741257A00DC29FF /* Products */ = {
			isa = PBXGroup;
			children = (
				97F05B372741257A00DC29FF /* Remorise.app */,
				97F05B482741258800DC29FF /* RemoriseTests.xctest */,
				97F05B532741258800DC29FF /* RemoriseUITests.xctest */,
			);
			name = Products;
			sourceTree = "<group>";
		};
		97F05B392741257A00DC29FF /* Remorise */ = {
			isa = PBXGroup;
			children = (
				97F05B3A2741257A00DC29FF /* RemoriseApp.swift */,
				97F05B3C2741257A00DC29FF /* ContentView.swift */,
				97F4AEE62744F797000D4EC1 /* CreateFlashcardScreen.swift */,
				E7A7E9642745DC9B00CBFB4F /* CreateFlashcardSheet.swift */,
				97F05B3E2741258800DC29FF /* Assets.xcassets */,
				97F05B432741258800DC29FF /* Info.plist */,
				97F05B402741258800DC29FF /* Preview Content */,
			);
			path = Remorise;
			sourceTree = "<group>";
		};
		97F05B402741258800DC29FF /* Preview Content */ = {
			isa = PBXGroup;
			children = (
				97F05B412741258800DC29FF /* Preview Assets.xcassets */,
			);
			path = "Preview Content";
			sourceTree = "<group>";
		};
		97F05B4B2741258800DC29FF /* RemoriseTests */ = {
			isa = PBXGroup;
			children = (
				97F05B4C2741258800DC29FF /* RemoriseTests.swift */,
				97F05B4E2741258800DC29FF /* Info.plist */,
			);
			path = RemoriseTests;
			sourceTree = "<group>";
		};
		97F05B562741258800DC29FF /* RemoriseUITests */ = {
			isa = PBXGroup;
			children = (
				97F05B572741258800DC29FF /* RemoriseUITests.swift */,
				97F05B592741258800DC29FF /* Info.plist */,
			);
			path = RemoriseUITests;
			sourceTree = "<group>";
		};
/* End PBXGroup section */

/* Begin PBXNativeTarget section */
		97F05B362741257A00DC29FF /* Remorise */ = {
			isa = PBXNativeTarget;
			buildConfigurationList = 97F05B5C2741258800DC29FF /* Build configuration list for PBXNativeTarget "Remorise" */;
			buildPhases = (
				97F05B332741257A00DC29FF /* Sources */,
				97F05B342741257A00DC29FF /* Frameworks */,
				97F05B352741257A00DC29FF /* Resources */,
			);
			buildRules = (
			);
			dependencies = (
			);
			name = Remorise;
			productName = Remorise;
			productReference = 97F05B372741257A00DC29FF /* Remorise.app */;
			productType = "com.apple.product-type.application";
		};
		97F05B472741258800DC29FF /* RemoriseTests */ = {
			isa = PBXNativeTarget;
			buildConfigurationList = 97F05B5F2741258800DC29FF /* Build configuration list for PBXNativeTarget "RemoriseTests" */;
			buildPhases = (
				97F05B442741258800DC29FF /* Sources */,
				97F05B452741258800DC29FF /* Frameworks */,
				97F05B462741258800DC29FF /* Resources */,
			);
			buildRules = (
			);
			dependencies = (
				97F05B4A2741258800DC29FF /* PBXTargetDependency */,
			);
			name = RemoriseTests;
			productName = RemoriseTests;
			productReference = 97F05B482741258800DC29FF /* RemoriseTests.xctest */;
			productType = "com.apple.product-type.bundle.unit-test";
		};
		97F05B522741258800DC29FF /* RemoriseUITests */ = {
			isa = PBXNativeTarget;
			buildConfigurationList = 97F05B622741258800DC29FF /* Build configuration list for PBXNativeTarget "RemoriseUITests" */;
			buildPhases = (
				97F05B4F2741258800DC29FF /* Sources */,
				97F05B502741258800DC29FF /* Frameworks */,
				97F05B512741258800DC29FF /* Resources */,
			);
			buildRules = (
			);
			dependencies = (
				97F05B552741258800DC29FF /* PBXTargetDependency */,
			);
			name = RemoriseUITests;
			productName = RemoriseUITests;
			productReference = 97F05B532741258800DC29FF /* RemoriseUITests.xctest */;
			productType = "com.apple.product-type.bundle.ui-testing";
		};
/* End PBXNativeTarget section */

/* Begin PBXProject section */
		97F05B2F2741257A00DC29FF /* Project object */ = {
			isa = PBXProject;
			attributes = {
				LastSwiftUpdateCheck = 1240;
				LastUpgradeCheck = 1240;
				TargetAttributes = {
					97F05B362741257A00DC29FF = {
						CreatedOnToolsVersion = 12.4;
					};
					97F05B472741258800DC29FF = {
						CreatedOnToolsVersion = 12.4;
						TestTargetID = 97F05B362741257A00DC29FF;
					};
					97F05B522741258800DC29FF = {
						CreatedOnToolsVersion = 12.4;
						TestTargetID = 97F05B362741257A00DC29FF;
					};
				};
			};
			buildConfigurationList = 97F05B322741257A00DC29FF /* Build configuration list for PBXProject "Remorise" */;
			compatibilityVersion = "Xcode 9.3";
			developmentRegion = en;
			hasScannedForEncodings = 0;
			knownRegions = (
				en,
				Base,
			);
			mainGroup = 97F05B2E2741257A00DC29FF;
			productRefGroup = 97F05B382741257A00DC29FF /* Products */;
			projectDirPath = "";
			projectRoot = "";
			targets = (
				97F05B362741257A00DC29FF /* Remorise */,
				97F05B472741258800DC29FF /* RemoriseTests */,
				97F05B522741258800DC29FF /* RemoriseUITests */,
			);
		};
/* End PBXProject section */

/* Begin PBXResourcesBuildPhase section */
		97F05B352741257A00DC29FF /* Resources */ = {
			isa = PBXResourcesBuildPhase;
			buildActionMask = 2147483647;
			files = (
				97F05B422741258800DC29FF /* Preview Assets.xcassets in Resources */,
				97F05B3F2741258800DC29FF /* Assets.xcassets in Resources */,
			);
			runOnlyForDeploymentPostprocessing = 0;
		};
		97F05B462741258800DC29FF /* Resources */ = {
			isa = PBXResourcesBuildPhase;
			buildActionMask = 2147483647;
			files = (
			);
			runOnlyForDeploymentPostprocessing = 0;
		};
		97F05B512741258800DC29FF /* Resources */ = {
			isa = PBXResourcesBuildPhase;
			buildActionMask = 2147483647;
			files = (
			);
			runOnlyForDeploymentPostprocessing = 0;
		};
/* End PBXResourcesBuildPhase section */

/* Begin PBXSourcesBuildPhase section */
		97F05B332741257A00DC29FF /* Sources */ = {
			isa = PBXSourcesBuildPhase;
			buildActionMask = 2147483647;
			files = (
				97F05B3D2741257A00DC29FF /* ContentView.swift in Sources */,
				97F05B3B2741257A00DC29FF /* RemoriseApp.swift in Sources */,
				E7A7E9652745DC9B00CBFB4F /* CreateFlashcardSheet.swift in Sources */,
				97F4AEE72744F797000D4EC1 /* CreateFlashcardScreen.swift in Sources */,
			);
			runOnlyForDeploymentPostprocessing = 0;
		};
		97F05B442741258800DC29FF /* Sources */ = {
			isa = PBXSourcesBuildPhase;
			buildActionMask = 2147483647;
			files = (
				97F05B4D2741258800DC29FF /* RemoriseTests.swift in Sources */,
			);
			runOnlyForDeploymentPostprocessing = 0;
		};
		97F05B4F2741258800DC29FF /* Sources */ = {
			isa = PBXSourcesBuildPhase;
			buildActionMask = 2147483647;
			files = (
				97F05B582741258800DC29FF /* RemoriseUITests.swift in Sources */,
			);
			runOnlyForDeploymentPostprocessing = 0;
		};
/* End PBXSourcesBuildPhase section */

/* Begin PBXTargetDependency section */
		97F05B4A2741258800DC29FF /* PBXTargetDependency */ = {
			isa = PBXTargetDependency;
			target = 97F05B362741257A00DC29FF /* Remorise */;
			targetProxy = 97F05B492741258800DC29FF /* PBXContainerItemProxy */;
		};
		97F05B552741258800DC29FF /* PBXTargetDependency */ = {
			isa = PBXTargetDependency;
			target = 97F05B362741257A00DC29FF /* Remorise */;
			targetProxy = 97F05B542741258800DC29FF /* PBXContainerItemProxy */;
		};
/* End PBXTargetDependency section */

/* Begin XCBuildConfiguration section */
		97F05B5A2741258800DC29FF /* Debug */ = {
			isa = XCBuildConfiguration;
			buildSettings = {
				ALWAYS_SEARCH_USER_PATHS = NO;
				CLANG_ANALYZER_NONNULL = YES;
				CLANG_ANALYZER_NUMBER_OBJECT_CONVERSION = YES_AGGRESSIVE;
				CLANG_CXX_LANGUAGE_STANDARD = "gnu++14";
				CLANG_CXX_LIBRARY = "libc++";
				CLANG_ENABLE_MODULES = YES;
				CLANG_ENABLE_OBJC_ARC = YES;
				CLANG_ENABLE_OBJC_WEAK = YES;
				CLANG_WARN_BLOCK_CAPTURE_AUTORELEASING = YES;
				CLANG_WARN_BOOL_CONVERSION = YES;
				CLANG_WARN_COMMA = YES;
				CLANG_WARN_CONSTANT_CONVERSION = YES;
				CLANG_WARN_DEPRECATED_OBJC_IMPLEMENTATIONS = YES;
				CLANG_WARN_DIRECT_OBJC_ISA_USAGE = YES_ERROR;
				CLANG_WARN_DOCUMENTATION_COMMENTS = YES;
				CLANG_WARN_EMPTY_BODY = YES;
				CLANG_WARN_ENUM_CONVERSION = YES;
				CLANG_WARN_INFINITE_RECURSION = YES;
				CLANG_WARN_INT_CONVERSION = YES;
				CLANG_WARN_NON_LITERAL_NULL_CONVERSION = YES;
				CLANG_WARN_OBJC_IMPLICIT_RETAIN_SELF = YES;
				CLANG_WARN_OBJC_LITERAL_CONVERSION = YES;
				CLANG_WARN_OBJC_ROOT_CLASS = YES_ERROR;
				CLANG_WARN_QUOTED_INCLUDE_IN_FRAMEWORK_HEADER = YES;
				CLANG_WARN_RANGE_LOOP_ANALYSIS = YES;
				CLANG_WARN_STRICT_PROTOTYPES = YES;
				CLANG_WARN_SUSPICIOUS_MOVE = YES;
				CLANG_WARN_UNGUARDED_AVAILABILITY = YES_AGGRESSIVE;
				CLANG_WARN_UNREACHABLE_CODE = YES;
				CLANG_WARN__DUPLICATE_METHOD_MATCH = YES;
				COPY_PHASE_STRIP = NO;
				DEBUG_INFORMATION_FORMAT = dwarf;
				ENABLE_STRICT_OBJC_MSGSEND = YES;
				ENABLE_TESTABILITY = YES;
				GCC_C_LANGUAGE_STANDARD = gnu11;
				GCC_DYNAMIC_NO_PIC = NO;
				GCC_NO_COMMON_BLOCKS = YES;
				GCC_OPTIMIZATION_LEVEL = 0;
				GCC_PREPROCESSOR_DEFINITIONS = (
					"DEBUG=1",
					"$(inherited)",
				);
				GCC_WARN_64_TO_32_BIT_CONVERSION = YES;
				GCC_WARN_ABOUT_RETURN_TYPE = YES_ERROR;
				GCC_WARN_UNDECLARED_SELECTOR = YES;
				GCC_WARN_UNINITIALIZED_AUTOS = YES_AGGRESSIVE;
				GCC_WARN_UNUSED_FUNCTION = YES;
				GCC_WARN_UNUSED_VARIABLE = YES;
				IPHONEOS_DEPLOYMENT_TARGET = 14.4;
				MTL_ENABLE_DEBUG_INFO = INCLUDE_SOURCE;
				MTL_FAST_MATH = YES;
				ONLY_ACTIVE_ARCH = YES;
				SDKROOT = iphoneos;
				SWIFT_ACTIVE_COMPILATION_CONDITIONS = DEBUG;
				SWIFT_OPTIMIZATION_LEVEL = "-Onone";
			};
			name = Debug;
		};
		97F05B5B2741258800DC29FF /* Release */ = {
			isa = XCBuildConfiguration;
			buildSettings = {
				ALWAYS_SEARCH_USER_PATHS = NO;
				CLANG_ANALYZER_NONNULL = YES;
				CLANG_ANALYZER_NUMBER_OBJECT_CONVERSION = YES_AGGRESSIVE;
				CLANG_CXX_LANGUAGE_STANDARD = "gnu++14";
				CLANG_CXX_LIBRARY = "libc++";
				CLANG_ENABLE_MODULES = YES;
				CLANG_ENABLE_OBJC_ARC = YES;
				CLANG_ENABLE_OBJC_WEAK = YES;
				CLANG_WARN_BLOCK_CAPTURE_AUTORELEASING = YES;
				CLANG_WARN_BOOL_CONVERSION = YES;
				CLANG_WARN_COMMA = YES;
				CLANG_WARN_CONSTANT_CONVERSION = YES;
				CLANG_WARN_DEPRECATED_OBJC_IMPLEMENTATIONS = YES;
				CLANG_WARN_DIRECT_OBJC_ISA_USAGE = YES_ERROR;
				CLANG_WARN_DOCUMENTATION_COMMENTS = YES;
				CLANG_WARN_EMPTY_BODY = YES;
				CLANG_WARN_ENUM_CONVERSION = YES;
				CLANG_WARN_INFINITE_RECURSION = YES;
				CLANG_WARN_INT_CONVERSION = YES;
				CLANG_WARN_NON_LITERAL_NULL_CONVERSION = YES;
				CLANG_WARN_OBJC_IMPLICIT_RETAIN_SELF = YES;
				CLANG_WARN_OBJC_LITERAL_CONVERSION = YES;
				CLANG_WARN_OBJC_ROOT_CLASS = YES_ERROR;
				CLANG_WARN_QUOTED_INCLUDE_IN_FRAMEWORK_HEADER = YES;
				CLANG_WARN_RANGE_LOOP_ANALYSIS = YES;
				CLANG_WARN_STRICT_PROTOTYPES = YES;
				CLANG_WARN_SUSPICIOUS_MOVE = YES;
				CLANG_WARN_UNGUARDED_AVAILABILITY = YES_AGGRESSIVE;
				CLANG_WARN_UNREACHABLE_CODE = YES;
				CLANG_WARN__DUPLICATE_METHOD_MATCH = YES;
				COPY_PHASE_STRIP = NO;
				DEBUG_INFORMATION_FORMAT = "dwarf-with-dsym";
				ENABLE_NS_ASSERTIONS = NO;
				ENABLE_STRICT_OBJC_MSGSEND = YES;
				GCC_C_LANGUAGE_STANDARD = gnu11;
				GCC_NO_COMMON_BLOCKS = YES;
				GCC_WARN_64_TO_32_BIT_CONVERSION = YES;
				GCC_WARN_ABOUT_RETURN_TYPE = YES_ERROR;
				GCC_WARN_UNDECLARED_SELECTOR = YES;
				GCC_WARN_UNINITIALIZED_AUTOS = YES_AGGRESSIVE;
				GCC_WARN_UNUSED_FUNCTION = YES;
				GCC_WARN_UNUSED_VARIABLE = YES;
				IPHONEOS_DEPLOYMENT_TARGET = 14.4;
				MTL_ENABLE_DEBUG_INFO = NO;
				MTL_FAST_MATH = YES;
				SDKROOT = iphoneos;
				SWIFT_COMPILATION_MODE = wholemodule;
				SWIFT_OPTIMIZATION_LEVEL = "-O";
				VALIDATE_PRODUCT = YES;
			};
			name = Release;
		};
		97F05B5D2741258800DC29FF /* Debug */ = {
			isa = XCBuildConfiguration;
			buildSettings = {
				ASSETCATALOG_COMPILER_APPICON_NAME = AppIcon;
				ASSETCATALOG_COMPILER_GLOBAL_ACCENT_COLOR_NAME = AccentColor;
				CODE_SIGN_STYLE = Automatic;
				DEVELOPMENT_ASSET_PATHS = "\"Remorise/Preview Content\"";
				ENABLE_PREVIEWS = YES;
				INFOPLIST_FILE = Remorise/Info.plist;
				IPHONEOS_DEPLOYMENT_TARGET = 14.0;
				LD_RUNPATH_SEARCH_PATHS = (
					"$(inherited)",
					"@executable_path/Frameworks",
				);
				PRODUCT_BUNDLE_IDENTIFIER = sg.tk.Remorise;
				PRODUCT_NAME = "$(TARGET_NAME)";
				SWIFT_VERSION = 5.0;
				TARGETED_DEVICE_FAMILY = "1,2";
			};
			name = Debug;
		};
		97F05B5E2741258800DC29FF /* Release */ = {
			isa = XCBuildConfiguration;
			buildSettings = {
				ASSETCATALOG_COMPILER_APPICON_NAME = AppIcon;
				ASSETCATALOG_COMPILER_GLOBAL_ACCENT_COLOR_NAME = AccentColor;
				CODE_SIGN_STYLE = Automatic;
				DEVELOPMENT_ASSET_PATHS = "\"Remorise/Preview Content\"";
				ENABLE_PREVIEWS = YES;
				INFOPLIST_FILE = Remorise/Info.plist;
				IPHONEOS_DEPLOYMENT_TARGET = 14.0;
				LD_RUNPATH_SEARCH_PATHS = (
					"$(inherited)",
					"@executable_path/Frameworks",
				);
				PRODUCT_BUNDLE_IDENTIFIER = sg.tk.Remorise;
				PRODUCT_NAME = "$(TARGET_NAME)";
				SWIFT_VERSION = 5.0;
				TARGETED_DEVICE_FAMILY = "1,2";
			};
			name = Release;
		};
		97F05B602741258800DC29FF /* Debug */ = {
			isa = XCBuildConfiguration;
			buildSettings = {
				ALWAYS_EMBED_SWIFT_STANDARD_LIBRARIES = YES;
				BUNDLE_LOADER = "$(TEST_HOST)";
				CODE_SIGN_STYLE = Automatic;
				INFOPLIST_FILE = RemoriseTests/Info.plist;
				IPHONEOS_DEPLOYMENT_TARGET = 14.0;
				LD_RUNPATH_SEARCH_PATHS = (
					"$(inherited)",
					"@executable_path/Frameworks",
					"@loader_path/Frameworks",
				);
				PRODUCT_BUNDLE_IDENTIFIER = sg.tk.RemoriseTests;
				PRODUCT_NAME = "$(TARGET_NAME)";
				SWIFT_VERSION = 5.0;
				TARGETED_DEVICE_FAMILY = "1,2";
				TEST_HOST = "$(BUILT_PRODUCTS_DIR)/Remorise.app/Remorise";
			};
			name = Debug;
		};
		97F05B612741258800DC29FF /* Release */ = {
			isa = XCBuildConfiguration;
			buildSettings = {
				ALWAYS_EMBED_SWIFT_STANDARD_LIBRARIES = YES;
				BUNDLE_LOADER = "$(TEST_HOST)";
				CODE_SIGN_STYLE = Automatic;
				INFOPLIST_FILE = RemoriseTests/Info.plist;
				IPHONEOS_DEPLOYMENT_TARGET = 14.0;
				LD_RUNPATH_SEARCH_PATHS = (
					"$(inherited)",
					"@executable_path/Frameworks",
					"@loader_path/Frameworks",
				);
				PRODUCT_BUNDLE_IDENTIFIER = sg.tk.RemoriseTests;
				PRODUCT_NAME = "$(TARGET_NAME)";
				SWIFT_VERSION = 5.0;
				TARGETED_DEVICE_FAMILY = "1,2";
				TEST_HOST = "$(BUILT_PRODUCTS_DIR)/Remorise.app/Remorise";
			};
			name = Release;
		};
		97F05B632741258800DC29FF /* Debug */ = {
			isa = XCBuildConfiguration;
			buildSettings = {
				ALWAYS_EMBED_SWIFT_STANDARD_LIBRARIES = YES;
				CODE_SIGN_STYLE = Automatic;
				INFOPLIST_FILE = RemoriseUITests/Info.plist;
				LD_RUNPATH_SEARCH_PATHS = (
					"$(inherited)",
					"@executable_path/Frameworks",
					"@loader_path/Frameworks",
				);
				PRODUCT_BUNDLE_IDENTIFIER = sg.tk.RemoriseUITests;
				PRODUCT_NAME = "$(TARGET_NAME)";
				SWIFT_VERSION = 5.0;
				TARGETED_DEVICE_FAMILY = "1,2";
				TEST_TARGET_NAME = Remorise;
			};
			name = Debug;
		};
		97F05B642741258800DC29FF /* Release */ = {
			isa = XCBuildConfiguration;
			buildSettings = {
				ALWAYS_EMBED_SWIFT_STANDARD_LIBRARIES = YES;
				CODE_SIGN_STYLE = Automatic;
				INFOPLIST_FILE = RemoriseUITests/Info.plist;
				LD_RUNPATH_SEARCH_PATHS = (
					"$(inherited)",
					"@executable_path/Frameworks",
					"@loader_path/Frameworks",
				);
				PRODUCT_BUNDLE_IDENTIFIER = sg.tk.RemoriseUITests;
				PRODUCT_NAME = "$(TARGET_NAME)";
				SWIFT_VERSION = 5.0;
				TARGETED_DEVICE_FAMILY = "1,2";
				TEST_TARGET_NAME = Remorise;
			};
			name = Release;
		};
/* End XCBuildConfiguration section */

/* Begin XCConfigurationList section */
		97F05B322741257A00DC29FF /* Build configuration list for PBXProject "Remorise" */ = {
			isa = XCConfigurationList;
			buildConfigurations = (
				97F05B5A2741258800DC29FF /* Debug */,
				97F05B5B2741258800DC29FF /* Release */,
			);
			defaultConfigurationIsVisible = 0;
			defaultConfigurationName = Release;
		};
		97F05B5C2741258800DC29FF /* Build configuration list for PBXNativeTarget "Remorise" */ = {
			isa = XCConfigurationList;
			buildConfigurations = (
				97F05B5D2741258800DC29FF /* Debug */,
				97F05B5E2741258800DC29FF /* Release */,
			);
			defaultConfigurationIsVisible = 0;
			defaultConfigurationName = Release;
		};
		97F05B5F2741258800DC29FF /* Build configuration list for PBXNativeTarget "RemoriseTests" */ = {
			isa = XCConfigurationList;
			buildConfigurations = (
				97F05B602741258800DC29FF /* Debug */,
				97F05B612741258800DC29FF /* Release */,
			);
			defaultConfigurationIsVisible = 0;
			defaultConfigurationName = Release;
		};
		97F05B622741258800DC29FF /* Build configuration list for PBXNativeTarget "RemoriseUITests" */ = {
			isa = XCConfigurationList;
			buildConfigurations = (
				97F05B632741258800DC29FF /* Debug */,
				97F05B642741258800DC29FF /* Release */,
			);
			defaultConfigurationIsVisible = 0;
			defaultConfigurationName = Release;
		};
/* End XCConfigurationList section */
	};
	rootObject = 97F05B2F2741257A00DC29FF /* Project object */;
}
